// !$*UTF8*$!
{
	archiveVersion = 1;
	classes = {
	};
	objectVersion = 46;
	objects = {

/* Begin PBXBuildFile section */
		1309711A19E87A0900CEB7DE /* Foundation.framework in Frameworks */ = {isa = PBXBuildFile; fileRef = 1309711919E87A0900CEB7DE /* Foundation.framework */; };
		1309711C19E87A0900CEB7DE /* CoreGraphics.framework in Frameworks */ = {isa = PBXBuildFile; fileRef = 1309711B19E87A0900CEB7DE /* CoreGraphics.framework */; };
		1309711E19E87A0900CEB7DE /* UIKit.framework in Frameworks */ = {isa = PBXBuildFile; fileRef = 1309711D19E87A0900CEB7DE /* UIKit.framework */; };
		1309712419E87A0900CEB7DE /* InfoPlist.strings in Resources */ = {isa = PBXBuildFile; fileRef = 1309712219E87A0900CEB7DE /* InfoPlist.strings */; };
		1309712619E87A0900CEB7DE /* main.m in Sources */ = {isa = PBXBuildFile; fileRef = 1309712519E87A0900CEB7DE /* main.m */; };
		1309712A19E87A0900CEB7DE /* GIBSAppDelegate.m in Sources */ = {isa = PBXBuildFile; fileRef = 1309712919E87A0900CEB7DE /* GIBSAppDelegate.m */; };
		1309713319E87A0900CEB7DE /* GIBSGlobeViewController.m in Sources */ = {isa = PBXBuildFile; fileRef = 1309713219E87A0900CEB7DE /* GIBSGlobeViewController.m */; };
		1309713519E87A0900CEB7DE /* Images.xcassets in Resources */ = {isa = PBXBuildFile; fileRef = 1309713419E87A0900CEB7DE /* Images.xcassets */; };
		1309713C19E87A0900CEB7DE /* XCTest.framework in Frameworks */ = {isa = PBXBuildFile; fileRef = 1309713B19E87A0900CEB7DE /* XCTest.framework */; };
		1309713D19E87A0900CEB7DE /* Foundation.framework in Frameworks */ = {isa = PBXBuildFile; fileRef = 1309711919E87A0900CEB7DE /* Foundation.framework */; };
		1309713E19E87A0900CEB7DE /* UIKit.framework in Frameworks */ = {isa = PBXBuildFile; fileRef = 1309711D19E87A0900CEB7DE /* UIKit.framework */; };
		1309714619E87A0900CEB7DE /* InfoPlist.strings in Resources */ = {isa = PBXBuildFile; fileRef = 1309714419E87A0900CEB7DE /* InfoPlist.strings */; };
		1309714819E87A0900CEB7DE /* NASAGIBSTests.m in Sources */ = {isa = PBXBuildFile; fileRef = 1309714719E87A0900CEB7DE /* NASAGIBSTests.m */; };
		1309715219E87AF900CEB7DE /* WhirlyGlobeMaplyComponent.framework in Frameworks */ = {isa = PBXBuildFile; fileRef = 1309715119E87AF900CEB7DE /* WhirlyGlobeMaplyComponent.framework */; };
		1309715419E87B1A00CEB7DE /* CoreLocation.framework in Frameworks */ = {isa = PBXBuildFile; fileRef = 1309715319E87B1A00CEB7DE /* CoreLocation.framework */; };
		1309715619E87B3600CEB7DE /* libc++.dylib in Frameworks */ = {isa = PBXBuildFile; fileRef = 1309715519E87B3600CEB7DE /* libc++.dylib */; };
		1309715819E87B3E00CEB7DE /* libz.dylib in Frameworks */ = {isa = PBXBuildFile; fileRef = 1309715719E87B3E00CEB7DE /* libz.dylib */; };
		1309715A19E87B4700CEB7DE /* libxml2.dylib in Frameworks */ = {isa = PBXBuildFile; fileRef = 1309715919E87B4700CEB7DE /* libxml2.dylib */; };
		1309715C19E87B4D00CEB7DE /* libsqlite3.dylib in Frameworks */ = {isa = PBXBuildFile; fileRef = 1309715B19E87B4D00CEB7DE /* libsqlite3.dylib */; };
		1309715F19E8842300CEB7DE /* alcohol-shop-24@2x.png in Resources */ = {isa = PBXBuildFile; fileRef = 1309715E19E8842300CEB7DE /* alcohol-shop-24@2x.png */; };
		1309716219E89D8900CEB7DE /* GIBSRemoteTile.m in Sources */ = {isa = PBXBuildFile; fileRef = 1309716119E89D8900CEB7DE /* GIBSRemoteTile.m */; };
		1309716419E9AC2800CEB7DE /* baseball-24@2x.png in Resources */ = {isa = PBXBuildFile; fileRef = 1309716319E9AC2800CEB7DE /* baseball-24@2x.png */; };
		1309716919E9D5AA00CEB7DE /* danger-24@2x.png in Resources */ = {isa = PBXBuildFile; fileRef = 1309716819E9D5AA00CEB7DE /* danger-24@2x.png */; };
		1309716D19E9E50200CEB7DE /* GIBSLayersTableViewController.m in Sources */ = {isa = PBXBuildFile; fileRef = 1309716B19E9E50200CEB7DE /* GIBSLayersTableViewController.m */; };
		1309716E19E9E50200CEB7DE /* GIBSLayersTableViewController.xib in Resources */ = {isa = PBXBuildFile; fileRef = 1309716C19E9E50200CEB7DE /* GIBSLayersTableViewController.xib */; };
		1309717119EA07D900CEB7DE /* GIBSCapabilityParser.m in Sources */ = {isa = PBXBuildFile; fileRef = 1309717019EA07D900CEB7DE /* GIBSCapabilityParser.m */; };
		13114E361A0A17A8004F641A /* GIBSLayer.m in Sources */ = {isa = PBXBuildFile; fileRef = 13114E351A0A17A8004F641A /* GIBSLayer.m */; };
		13114E391A1601BB004F641A /* GIBSRootLayerSelectTableViewController.m in Sources */ = {isa = PBXBuildFile; fileRef = 13114E381A1601BA004F641A /* GIBSRootLayerSelectTableViewController.m */; };
		13114E3C1A1DAB13004F641A /* GIBSTimeSliderViewController.m in Sources */ = {isa = PBXBuildFile; fileRef = 13114E3B1A1DAB13004F641A /* GIBSTimeSliderViewController.m */; };
		1390B1831A2F44C2009FD0FE /* GIBSLegendBuilder.m in Sources */ = {isa = PBXBuildFile; fileRef = 1390B1821A2F44C2009FD0FE /* GIBSLegendBuilder.m */; };
/* End PBXBuildFile section */

/* Begin PBXContainerItemProxy section */
		1309713F19E87A0900CEB7DE /* PBXContainerItemProxy */ = {
			isa = PBXContainerItemProxy;
			containerPortal = 1309710E19E87A0900CEB7DE /* Project object */;
			proxyType = 1;
			remoteGlobalIDString = 1309711519E87A0900CEB7DE;
			remoteInfo = NASAGIBS;
		};
/* End PBXContainerItemProxy section */

/* Begin PBXFileReference section */
		1309711619E87A0900CEB7DE /* NASAGIBS.app */ = {isa = PBXFileReference; explicitFileType = wrapper.application; includeInIndex = 0; path = NASAGIBS.app; sourceTree = BUILT_PRODUCTS_DIR; };
		1309711919E87A0900CEB7DE /* Foundation.framework */ = {isa = PBXFileReference; lastKnownFileType = wrapper.framework; name = Foundation.framework; path = System/Library/Frameworks/Foundation.framework; sourceTree = SDKROOT; };
		1309711B19E87A0900CEB7DE /* CoreGraphics.framework */ = {isa = PBXFileReference; lastKnownFileType = wrapper.framework; name = CoreGraphics.framework; path = System/Library/Frameworks/CoreGraphics.framework; sourceTree = SDKROOT; };
		1309711D19E87A0900CEB7DE /* UIKit.framework */ = {isa = PBXFileReference; lastKnownFileType = wrapper.framework; name = UIKit.framework; path = System/Library/Frameworks/UIKit.framework; sourceTree = SDKROOT; };
		1309712119E87A0900CEB7DE /* NASAGIBS-Info.plist */ = {isa = PBXFileReference; lastKnownFileType = text.plist.xml; path = "NASAGIBS-Info.plist"; sourceTree = "<group>"; };
		1309712319E87A0900CEB7DE /* en */ = {isa = PBXFileReference; lastKnownFileType = text.plist.strings; name = en; path = en.lproj/InfoPlist.strings; sourceTree = "<group>"; };
		1309712519E87A0900CEB7DE /* main.m */ = {isa = PBXFileReference; lastKnownFileType = sourcecode.c.objc; path = main.m; sourceTree = "<group>"; };
		1309712719E87A0900CEB7DE /* NASAGIBS-Prefix.pch */ = {isa = PBXFileReference; lastKnownFileType = sourcecode.c.h; path = "NASAGIBS-Prefix.pch"; sourceTree = "<group>"; };
		1309712819E87A0900CEB7DE /* GIBSAppDelegate.h */ = {isa = PBXFileReference; lastKnownFileType = sourcecode.c.h; path = GIBSAppDelegate.h; sourceTree = "<group>"; };
		1309712919E87A0900CEB7DE /* GIBSAppDelegate.m */ = {isa = PBXFileReference; lastKnownFileType = sourcecode.c.objc; path = GIBSAppDelegate.m; sourceTree = "<group>"; };
		1309713119E87A0900CEB7DE /* GIBSGlobeViewController.h */ = {isa = PBXFileReference; lastKnownFileType = sourcecode.c.h; path = GIBSGlobeViewController.h; sourceTree = "<group>"; };
		1309713219E87A0900CEB7DE /* GIBSGlobeViewController.m */ = {isa = PBXFileReference; lastKnownFileType = sourcecode.c.objc; path = GIBSGlobeViewController.m; sourceTree = "<group>"; };
		1309713419E87A0900CEB7DE /* Images.xcassets */ = {isa = PBXFileReference; lastKnownFileType = folder.assetcatalog; path = Images.xcassets; sourceTree = "<group>"; };
		1309713A19E87A0900CEB7DE /* NASAGIBSTests.xctest */ = {isa = PBXFileReference; explicitFileType = wrapper.cfbundle; includeInIndex = 0; path = NASAGIBSTests.xctest; sourceTree = BUILT_PRODUCTS_DIR; };
		1309713B19E87A0900CEB7DE /* XCTest.framework */ = {isa = PBXFileReference; lastKnownFileType = wrapper.framework; name = XCTest.framework; path = Library/Frameworks/XCTest.framework; sourceTree = DEVELOPER_DIR; };
		1309714319E87A0900CEB7DE /* NASAGIBSTests-Info.plist */ = {isa = PBXFileReference; lastKnownFileType = text.plist.xml; path = "NASAGIBSTests-Info.plist"; sourceTree = "<group>"; };
		1309714519E87A0900CEB7DE /* en */ = {isa = PBXFileReference; lastKnownFileType = text.plist.strings; name = en; path = en.lproj/InfoPlist.strings; sourceTree = "<group>"; };
		1309714719E87A0900CEB7DE /* NASAGIBSTests.m */ = {isa = PBXFileReference; lastKnownFileType = sourcecode.c.objc; path = NASAGIBSTests.m; sourceTree = "<group>"; };
		1309715119E87AF900CEB7DE /* WhirlyGlobeMaplyComponent.framework */ = {isa = PBXFileReference; lastKnownFileType = wrapper.framework; name = WhirlyGlobeMaplyComponent.framework; path = ../../WhirlyGlobeMaplyComponent.framework; sourceTree = "<group>"; };
		1309715319E87B1A00CEB7DE /* CoreLocation.framework */ = {isa = PBXFileReference; lastKnownFileType = wrapper.framework; name = CoreLocation.framework; path = System/Library/Frameworks/CoreLocation.framework; sourceTree = SDKROOT; };
		1309715519E87B3600CEB7DE /* libc++.dylib */ = {isa = PBXFileReference; lastKnownFileType = "compiled.mach-o.dylib"; name = "libc++.dylib"; path = "usr/lib/libc++.dylib"; sourceTree = SDKROOT; };
		1309715719E87B3E00CEB7DE /* libz.dylib */ = {isa = PBXFileReference; lastKnownFileType = "compiled.mach-o.dylib"; name = libz.dylib; path = usr/lib/libz.dylib; sourceTree = SDKROOT; };
		1309715919E87B4700CEB7DE /* libxml2.dylib */ = {isa = PBXFileReference; lastKnownFileType = "compiled.mach-o.dylib"; name = libxml2.dylib; path = usr/lib/libxml2.dylib; sourceTree = SDKROOT; };
		1309715B19E87B4D00CEB7DE /* libsqlite3.dylib */ = {isa = PBXFileReference; lastKnownFileType = "compiled.mach-o.dylib"; name = libsqlite3.dylib; path = usr/lib/libsqlite3.dylib; sourceTree = SDKROOT; };
		1309715E19E8842300CEB7DE /* alcohol-shop-24@2x.png */ = {isa = PBXFileReference; lastKnownFileType = image.png; name = "alcohol-shop-24@2x.png"; path = "../../../resources/maki icons/alcohol-shop-24@2x.png"; sourceTree = "<group>"; };
		1309716019E89D8900CEB7DE /* GIBSRemoteTile.h */ = {isa = PBXFileReference; fileEncoding = 4; lastKnownFileType = sourcecode.c.h; path = GIBSRemoteTile.h; sourceTree = "<group>"; };
		1309716119E89D8900CEB7DE /* GIBSRemoteTile.m */ = {isa = PBXFileReference; fileEncoding = 4; lastKnownFileType = sourcecode.c.objc; path = GIBSRemoteTile.m; sourceTree = "<group>"; };
		1309716319E9AC2800CEB7DE /* baseball-24@2x.png */ = {isa = PBXFileReference; lastKnownFileType = image.png; name = "baseball-24@2x.png"; path = "../../../resources/maki icons/baseball-24@2x.png"; sourceTree = "<group>"; };
		1309716819E9D5AA00CEB7DE /* danger-24@2x.png */ = {isa = PBXFileReference; lastKnownFileType = image.png; name = "danger-24@2x.png"; path = "../../../resources/maki icons/danger-24@2x.png"; sourceTree = "<group>"; };
		1309716A19E9E50200CEB7DE /* GIBSLayersTableViewController.h */ = {isa = PBXFileReference; fileEncoding = 4; lastKnownFileType = sourcecode.c.h; path = GIBSLayersTableViewController.h; sourceTree = "<group>"; };
		1309716B19E9E50200CEB7DE /* GIBSLayersTableViewController.m */ = {isa = PBXFileReference; fileEncoding = 4; lastKnownFileType = sourcecode.c.objc; path = GIBSLayersTableViewController.m; sourceTree = "<group>"; };
		1309716C19E9E50200CEB7DE /* GIBSLayersTableViewController.xib */ = {isa = PBXFileReference; fileEncoding = 4; lastKnownFileType = file.xib; path = GIBSLayersTableViewController.xib; sourceTree = "<group>"; };
		1309716F19EA07D900CEB7DE /* GIBSCapabilityParser.h */ = {isa = PBXFileReference; fileEncoding = 4; lastKnownFileType = sourcecode.c.h; path = GIBSCapabilityParser.h; sourceTree = "<group>"; };
		1309717019EA07D900CEB7DE /* GIBSCapabilityParser.m */ = {isa = PBXFileReference; fileEncoding = 4; lastKnownFileType = sourcecode.c.objc; path = GIBSCapabilityParser.m; sourceTree = "<group>"; };
		13114E341A0A17A8004F641A /* GIBSLayer.h */ = {isa = PBXFileReference; fileEncoding = 4; lastKnownFileType = sourcecode.c.h; path = GIBSLayer.h; sourceTree = "<group>"; };
		13114E351A0A17A8004F641A /* GIBSLayer.m */ = {isa = PBXFileReference; fileEncoding = 4; lastKnownFileType = sourcecode.c.objc; path = GIBSLayer.m; sourceTree = "<group>"; };
		13114E371A1601BA004F641A /* GIBSRootLayerSelectTableViewController.h */ = {isa = PBXFileReference; fileEncoding = 4; lastKnownFileType = sourcecode.c.h; path = GIBSRootLayerSelectTableViewController.h; sourceTree = "<group>"; };
		13114E381A1601BA004F641A /* GIBSRootLayerSelectTableViewController.m */ = {isa = PBXFileReference; fileEncoding = 4; lastKnownFileType = sourcecode.c.objc; path = GIBSRootLayerSelectTableViewController.m; sourceTree = "<group>"; };
		13114E3A1A1DAB13004F641A /* GIBSTimeSliderViewController.h */ = {isa = PBXFileReference; fileEncoding = 4; lastKnownFileType = sourcecode.c.h; name = GIBSTimeSliderViewController.h; path = ../GIBSTimeSliderViewController.h; sourceTree = "<group>"; };
		13114E3B1A1DAB13004F641A /* GIBSTimeSliderViewController.m */ = {isa = PBXFileReference; fileEncoding = 4; lastKnownFileType = sourcecode.c.objc; name = GIBSTimeSliderViewController.m; path = ../GIBSTimeSliderViewController.m; sourceTree = "<group>"; };
		1390B1811A2F44C2009FD0FE /* GIBSLegendBuilder.h */ = {isa = PBXFileReference; fileEncoding = 4; lastKnownFileType = sourcecode.c.h; path = GIBSLegendBuilder.h; sourceTree = "<group>"; };
		1390B1821A2F44C2009FD0FE /* GIBSLegendBuilder.m */ = {isa = PBXFileReference; fileEncoding = 4; lastKnownFileType = sourcecode.c.objc; path = GIBSLegendBuilder.m; sourceTree = "<group>"; };
/* End PBXFileReference section */

/* Begin PBXFrameworksBuildPhase section */
		1309711319E87A0900CEB7DE /* Frameworks */ = {
			isa = PBXFrameworksBuildPhase;
			buildActionMask = 2147483647;
			files = (
				1309715C19E87B4D00CEB7DE /* libsqlite3.dylib in Frameworks */,
				1309715A19E87B4700CEB7DE /* libxml2.dylib in Frameworks */,
				1309715819E87B3E00CEB7DE /* libz.dylib in Frameworks */,
				1309715619E87B3600CEB7DE /* libc++.dylib in Frameworks */,
				1309715419E87B1A00CEB7DE /* CoreLocation.framework in Frameworks */,
				1309715219E87AF900CEB7DE /* WhirlyGlobeMaplyComponent.framework in Frameworks */,
				1309711C19E87A0900CEB7DE /* CoreGraphics.framework in Frameworks */,
				1309711E19E87A0900CEB7DE /* UIKit.framework in Frameworks */,
				1309711A19E87A0900CEB7DE /* Foundation.framework in Frameworks */,
			);
			runOnlyForDeploymentPostprocessing = 0;
		};
		1309713719E87A0900CEB7DE /* Frameworks */ = {
			isa = PBXFrameworksBuildPhase;
			buildActionMask = 2147483647;
			files = (
				1309713C19E87A0900CEB7DE /* XCTest.framework in Frameworks */,
				1309713E19E87A0900CEB7DE /* UIKit.framework in Frameworks */,
				1309713D19E87A0900CEB7DE /* Foundation.framework in Frameworks */,
			);
			runOnlyForDeploymentPostprocessing = 0;
		};
/* End PBXFrameworksBuildPhase section */

/* Begin PBXGroup section */
		1309710D19E87A0900CEB7DE = {
			isa = PBXGroup;
			children = (
				1309711F19E87A0900CEB7DE /* NASAGIBS */,
				1309714119E87A0900CEB7DE /* NASAGIBSTests */,
				1309711819E87A0900CEB7DE /* Frameworks */,
				1309711719E87A0900CEB7DE /* Products */,
			);
			sourceTree = "<group>";
		};
		1309711719E87A0900CEB7DE /* Products */ = {
			isa = PBXGroup;
			children = (
				1309711619E87A0900CEB7DE /* NASAGIBS.app */,
				1309713A19E87A0900CEB7DE /* NASAGIBSTests.xctest */,
			);
			name = Products;
			sourceTree = "<group>";
		};
		1309711819E87A0900CEB7DE /* Frameworks */ = {
			isa = PBXGroup;
			children = (
				1309715B19E87B4D00CEB7DE /* libsqlite3.dylib */,
				1309715919E87B4700CEB7DE /* libxml2.dylib */,
				1309715719E87B3E00CEB7DE /* libz.dylib */,
				1309715519E87B3600CEB7DE /* libc++.dylib */,
				1309715319E87B1A00CEB7DE /* CoreLocation.framework */,
				1309715119E87AF900CEB7DE /* WhirlyGlobeMaplyComponent.framework */,
				1309711919E87A0900CEB7DE /* Foundation.framework */,
				1309711B19E87A0900CEB7DE /* CoreGraphics.framework */,
				1309711D19E87A0900CEB7DE /* UIKit.framework */,
				1309713B19E87A0900CEB7DE /* XCTest.framework */,
			);
			name = Frameworks;
			sourceTree = "<group>";
		};
		1309711F19E87A0900CEB7DE /* NASAGIBS */ = {
			isa = PBXGroup;
			children = (
				13114E3A1A1DAB13004F641A /* GIBSTimeSliderViewController.h */,
				13114E3B1A1DAB13004F641A /* GIBSTimeSliderViewController.m */,
				1309715D19E883F400CEB7DE /* image_assets */,
				1309712819E87A0900CEB7DE /* GIBSAppDelegate.h */,
				1309712919E87A0900CEB7DE /* GIBSAppDelegate.m */,
				1309713119E87A0900CEB7DE /* GIBSGlobeViewController.h */,
				1309713219E87A0900CEB7DE /* GIBSGlobeViewController.m */,
				1390B1811A2F44C2009FD0FE /* GIBSLegendBuilder.h */,
				1390B1821A2F44C2009FD0FE /* GIBSLegendBuilder.m */,
				1309713419E87A0900CEB7DE /* Images.xcassets */,
				1309712019E87A0900CEB7DE /* Supporting Files */,
				1309716019E89D8900CEB7DE /* GIBSRemoteTile.h */,
				1309716119E89D8900CEB7DE /* GIBSRemoteTile.m */,
				13114E341A0A17A8004F641A /* GIBSLayer.h */,
				13114E351A0A17A8004F641A /* GIBSLayer.m */,
				1309717019EA07D900CEB7DE /* GIBSCapabilityParser.m */,
				1309716F19EA07D900CEB7DE /* GIBSCapabilityParser.h */,
				13114E371A1601BA004F641A /* GIBSRootLayerSelectTableViewController.h */,
				13114E381A1601BA004F641A /* GIBSRootLayerSelectTableViewController.m */,
				1309716A19E9E50200CEB7DE /* GIBSLayersTableViewController.h */,
				1309716B19E9E50200CEB7DE /* GIBSLayersTableViewController.m */,
				1309716C19E9E50200CEB7DE /* GIBSLayersTableViewController.xib */,
			);
			path = NASAGIBS;
			sourceTree = "<group>";
		};
		1309712019E87A0900CEB7DE /* Supporting Files */ = {
			isa = PBXGroup;
			children = (
				1309712119E87A0900CEB7DE /* NASAGIBS-Info.plist */,
				1309712219E87A0900CEB7DE /* InfoPlist.strings */,
				1309712519E87A0900CEB7DE /* main.m */,
				1309712719E87A0900CEB7DE /* NASAGIBS-Prefix.pch */,
			);
			name = "Supporting Files";
			sourceTree = "<group>";
		};
		1309714119E87A0900CEB7DE /* NASAGIBSTests */ = {
			isa = PBXGroup;
			children = (
				1309714719E87A0900CEB7DE /* NASAGIBSTests.m */,
				1309714219E87A0900CEB7DE /* Supporting Files */,
			);
			path = NASAGIBSTests;
			sourceTree = "<group>";
		};
		1309714219E87A0900CEB7DE /* Supporting Files */ = {
			isa = PBXGroup;
			children = (
				1309714319E87A0900CEB7DE /* NASAGIBSTests-Info.plist */,
				1309714419E87A0900CEB7DE /* InfoPlist.strings */,
			);
			name = "Supporting Files";
			sourceTree = "<group>";
		};
		1309715D19E883F400CEB7DE /* image_assets */ = {
			isa = PBXGroup;
			children = (
				1309716819E9D5AA00CEB7DE /* danger-24@2x.png */,
				1309716319E9AC2800CEB7DE /* baseball-24@2x.png */,
				1309715E19E8842300CEB7DE /* alcohol-shop-24@2x.png */,
			);
			name = image_assets;
			sourceTree = "<group>";
		};
/* End PBXGroup section */

/* Begin PBXNativeTarget section */
		1309711519E87A0900CEB7DE /* NASAGIBS */ = {
			isa = PBXNativeTarget;
			buildConfigurationList = 1309714B19E87A0900CEB7DE /* Build configuration list for PBXNativeTarget "NASAGIBS" */;
			buildPhases = (
				1309711219E87A0900CEB7DE /* Sources */,
				1309711319E87A0900CEB7DE /* Frameworks */,
				1309711419E87A0900CEB7DE /* Resources */,
			);
			buildRules = (
			);
			dependencies = (
			);
			name = NASAGIBS;
			productName = NASAGIBS;
			productReference = 1309711619E87A0900CEB7DE /* NASAGIBS.app */;
			productType = "com.apple.product-type.application";
		};
		1309713919E87A0900CEB7DE /* NASAGIBSTests */ = {
			isa = PBXNativeTarget;
			buildConfigurationList = 1309714E19E87A0900CEB7DE /* Build configuration list for PBXNativeTarget "NASAGIBSTests" */;
			buildPhases = (
				1309713619E87A0900CEB7DE /* Sources */,
				1309713719E87A0900CEB7DE /* Frameworks */,
				1309713819E87A0900CEB7DE /* Resources */,
			);
			buildRules = (
			);
			dependencies = (
				1309714019E87A0900CEB7DE /* PBXTargetDependency */,
			);
			name = NASAGIBSTests;
			productName = NASAGIBSTests;
			productReference = 1309713A19E87A0900CEB7DE /* NASAGIBSTests.xctest */;
			productType = "com.apple.product-type.bundle.unit-test";
		};
/* End PBXNativeTarget section */

/* Begin PBXProject section */
		1309710E19E87A0900CEB7DE /* Project object */ = {
			isa = PBXProject;
			attributes = {
				CLASSPREFIX = TR1;
				LastUpgradeCheck = 0510;
				ORGANIZATIONNAME = Alvis;
				TargetAttributes = {
					1309711519E87A0900CEB7DE = {
						DevelopmentTeam = 36H35Z74JJ;
					};
					1309713919E87A0900CEB7DE = {
						TestTargetID = 1309711519E87A0900CEB7DE;
					};
				};
			};
			buildConfigurationList = 1309711119E87A0900CEB7DE /* Build configuration list for PBXProject "NASAGIBS" */;
			compatibilityVersion = "Xcode 3.2";
			developmentRegion = English;
			hasScannedForEncodings = 0;
			knownRegions = (
				en,
				Base,
			);
			mainGroup = 1309710D19E87A0900CEB7DE;
			productRefGroup = 1309711719E87A0900CEB7DE /* Products */;
			projectDirPath = "";
			projectRoot = "";
			targets = (
				1309711519E87A0900CEB7DE /* NASAGIBS */,
				1309713919E87A0900CEB7DE /* NASAGIBSTests */,
			);
		};
/* End PBXProject section */

/* Begin PBXResourcesBuildPhase section */
		1309711419E87A0900CEB7DE /* Resources */ = {
			isa = PBXResourcesBuildPhase;
			buildActionMask = 2147483647;
			files = (
				1309716919E9D5AA00CEB7DE /* danger-24@2x.png in Resources */,
				1309713519E87A0900CEB7DE /* Images.xcassets in Resources */,
				1309716419E9AC2800CEB7DE /* baseball-24@2x.png in Resources */,
				1309715F19E8842300CEB7DE /* alcohol-shop-24@2x.png in Resources */,
				1309712419E87A0900CEB7DE /* InfoPlist.strings in Resources */,
				1309716E19E9E50200CEB7DE /* GIBSLayersTableViewController.xib in Resources */,
			);
			runOnlyForDeploymentPostprocessing = 0;
		};
		1309713819E87A0900CEB7DE /* Resources */ = {
			isa = PBXResourcesBuildPhase;
			buildActionMask = 2147483647;
			files = (
				1309714619E87A0900CEB7DE /* InfoPlist.strings in Resources */,
			);
			runOnlyForDeploymentPostprocessing = 0;
		};
/* End PBXResourcesBuildPhase section */

/* Begin PBXSourcesBuildPhase section */
		1309711219E87A0900CEB7DE /* Sources */ = {
			isa = PBXSourcesBuildPhase;
			buildActionMask = 2147483647;
			files = (
				1309712A19E87A0900CEB7DE /* GIBSAppDelegate.m in Sources */,
				13114E361A0A17A8004F641A /* GIBSLayer.m in Sources */,
				13114E3C1A1DAB13004F641A /* GIBSTimeSliderViewController.m in Sources */,
				1390B1831A2F44C2009FD0FE /* GIBSLegendBuilder.m in Sources */,
				1309717119EA07D900CEB7DE /* GIBSCapabilityParser.m in Sources */,
				1309713319E87A0900CEB7DE /* GIBSGlobeViewController.m in Sources */,
				13114E391A1601BB004F641A /* GIBSRootLayerSelectTableViewController.m in Sources */,
				1309716219E89D8900CEB7DE /* GIBSRemoteTile.m in Sources */,
				1309712619E87A0900CEB7DE /* main.m in Sources */,
				1309716D19E9E50200CEB7DE /* GIBSLayersTableViewController.m in Sources */,
			);
			runOnlyForDeploymentPostprocessing = 0;
		};
		1309713619E87A0900CEB7DE /* Sources */ = {
			isa = PBXSourcesBuildPhase;
			buildActionMask = 2147483647;
			files = (
				1309714819E87A0900CEB7DE /* NASAGIBSTests.m in Sources */,
			);
			runOnlyForDeploymentPostprocessing = 0;
		};
/* End PBXSourcesBuildPhase section */

/* Begin PBXTargetDependency section */
		1309714019E87A0900CEB7DE /* PBXTargetDependency */ = {
			isa = PBXTargetDependency;
			target = 1309711519E87A0900CEB7DE /* NASAGIBS */;
			targetProxy = 1309713F19E87A0900CEB7DE /* PBXContainerItemProxy */;
		};
/* End PBXTargetDependency section */

/* Begin PBXVariantGroup section */
		1309712219E87A0900CEB7DE /* InfoPlist.strings */ = {
			isa = PBXVariantGroup;
			children = (
				1309712319E87A0900CEB7DE /* en */,
			);
			name = InfoPlist.strings;
			sourceTree = "<group>";
		};
		1309714419E87A0900CEB7DE /* InfoPlist.strings */ = {
			isa = PBXVariantGroup;
			children = (
				1309714519E87A0900CEB7DE /* en */,
			);
			name = InfoPlist.strings;
			sourceTree = "<group>";
		};
/* End PBXVariantGroup section */

/* Begin XCBuildConfiguration section */
		1309714919E87A0900CEB7DE /* Debug */ = {
			isa = XCBuildConfiguration;
			buildSettings = {
				ALWAYS_SEARCH_USER_PATHS = NO;
				CLANG_CXX_LANGUAGE_STANDARD = "gnu++0x";
				CLANG_CXX_LIBRARY = "libc++";
				CLANG_ENABLE_MODULES = YES;
				CLANG_ENABLE_OBJC_ARC = YES;
				CLANG_WARN_BOOL_CONVERSION = YES;
				CLANG_WARN_CONSTANT_CONVERSION = YES;
				CLANG_WARN_DIRECT_OBJC_ISA_USAGE = YES_ERROR;
				CLANG_WARN_EMPTY_BODY = YES;
				CLANG_WARN_ENUM_CONVERSION = YES;
				CLANG_WARN_INT_CONVERSION = YES;
				CLANG_WARN_OBJC_ROOT_CLASS = YES_ERROR;
				CLANG_WARN__DUPLICATE_METHOD_MATCH = YES;
				"CODE_SIGN_IDENTITY[sdk=iphoneos*]" = "iPhone Developer";
				COPY_PHASE_STRIP = NO;
				GCC_C_LANGUAGE_STANDARD = gnu99;
				GCC_DYNAMIC_NO_PIC = NO;
				GCC_OPTIMIZATION_LEVEL = 0;
				GCC_PREPROCESSOR_DEFINITIONS = (
					"DEBUG=1",
					"$(inherited)",
				);
				GCC_SYMBOLS_PRIVATE_EXTERN = NO;
				GCC_WARN_64_TO_32_BIT_CONVERSION = YES;
				GCC_WARN_ABOUT_RETURN_TYPE = YES_ERROR;
				GCC_WARN_UNDECLARED_SELECTOR = YES;
				GCC_WARN_UNINITIALIZED_AUTOS = YES_AGGRESSIVE;
				GCC_WARN_UNUSED_FUNCTION = YES;
				GCC_WARN_UNUSED_VARIABLE = YES;
				IPHONEOS_DEPLOYMENT_TARGET = 7.1;
				ONLY_ACTIVE_ARCH = YES;
				SDKROOT = iphoneos;
				TARGETED_DEVICE_FAMILY = "1,2";
			};
			name = Debug;
		};
		1309714A19E87A0900CEB7DE /* Release */ = {
			isa = XCBuildConfiguration;
			buildSettings = {
				ALWAYS_SEARCH_USER_PATHS = NO;
				CLANG_CXX_LANGUAGE_STANDARD = "gnu++0x";
				CLANG_CXX_LIBRARY = "libc++";
				CLANG_ENABLE_MODULES = YES;
				CLANG_ENABLE_OBJC_ARC = YES;
				CLANG_WARN_BOOL_CONVERSION = YES;
				CLANG_WARN_CONSTANT_CONVERSION = YES;
				CLANG_WARN_DIRECT_OBJC_ISA_USAGE = YES_ERROR;
				CLANG_WARN_EMPTY_BODY = YES;
				CLANG_WARN_ENUM_CONVERSION = YES;
				CLANG_WARN_INT_CONVERSION = YES;
				CLANG_WARN_OBJC_ROOT_CLASS = YES_ERROR;
				CLANG_WARN__DUPLICATE_METHOD_MATCH = YES;
				"CODE_SIGN_IDENTITY[sdk=iphoneos*]" = "iPhone Developer";
				COPY_PHASE_STRIP = YES;
				ENABLE_NS_ASSERTIONS = NO;
				GCC_C_LANGUAGE_STANDARD = gnu99;
				GCC_WARN_64_TO_32_BIT_CONVERSION = YES;
				GCC_WARN_ABOUT_RETURN_TYPE = YES_ERROR;
				GCC_WARN_UNDECLARED_SELECTOR = YES;
				GCC_WARN_UNINITIALIZED_AUTOS = YES_AGGRESSIVE;
				GCC_WARN_UNUSED_FUNCTION = YES;
				GCC_WARN_UNUSED_VARIABLE = YES;
				IPHONEOS_DEPLOYMENT_TARGET = 7.1;
				SDKROOT = iphoneos;
				TARGETED_DEVICE_FAMILY = "1,2";
				VALIDATE_PRODUCT = YES;
			};
			name = Release;
		};
		1309714C19E87A0900CEB7DE /* Debug */ = {
			isa = XCBuildConfiguration;
			buildSettings = {
				ASSETCATALOG_COMPILER_APPICON_NAME = AppIcon;
				ASSETCATALOG_COMPILER_LAUNCHIMAGE_NAME = LaunchImage;
				CODE_SIGN_IDENTITY = "iPhone Developer";
				"CODE_SIGN_IDENTITY[sdk=iphoneos*]" = "iPhone Developer";
				FRAMEWORK_SEARCH_PATHS = (
					"$(inherited)",
					"\"/Users/msaktialvissalim/Documents/FB Open Academy/WhirlyGlobe_Maply_Distribution_2_3\"",
				);
				GCC_PRECOMPILE_PREFIX_HEADER = YES;
				GCC_PREFIX_HEADER = "NASAGIBS/NASAGIBS-Prefix.pch";
				HEADER_SEARCH_PATHS = (
					"$(inherited)",
					/Applications/Xcode.app/Contents/Developer/Toolchains/XcodeDefault.xctoolchain/usr/include,
					"\"../../WhirlyGlobeMaplyComponent.framework/Headers\"",
				);
				INFOPLIST_FILE = "NASAGIBS/NASAGIBS-Info.plist";
				PRODUCT_NAME = "$(TARGET_NAME)";
				PROVISIONING_PROFILE = "";
				WRAPPER_EXTENSION = app;
			};
			name = Debug;
		};
		1309714D19E87A0900CEB7DE /* Release */ = {
			isa = XCBuildConfiguration;
			buildSettings = {
				ASSETCATALOG_COMPILER_APPICON_NAME = AppIcon;
				ASSETCATALOG_COMPILER_LAUNCHIMAGE_NAME = LaunchImage;
				CODE_SIGN_IDENTITY = "iPhone Developer";
				"CODE_SIGN_IDENTITY[sdk=iphoneos*]" = "iPhone Developer";
				FRAMEWORK_SEARCH_PATHS = (
					"$(inherited)",
					"\"/Users/msaktialvissalim/Documents/FB Open Academy/WhirlyGlobe_Maply_Distribution_2_3\"",
				);
				GCC_PRECOMPILE_PREFIX_HEADER = YES;
				GCC_PREFIX_HEADER = "NASAGIBS/NASAGIBS-Prefix.pch";
				HEADER_SEARCH_PATHS = (
					"$(inherited)",
					/Applications/Xcode.app/Contents/Developer/Toolchains/XcodeDefault.xctoolchain/usr/include,
					"\"../../WhirlyGlobeMaplyComponent.framework/Headers\"",
				);
				INFOPLIST_FILE = "NASAGIBS/NASAGIBS-Info.plist";
				PRODUCT_NAME = "$(TARGET_NAME)";
				PROVISIONING_PROFILE = "";
				WRAPPER_EXTENSION = app;
			};
			name = Release;
		};
		1309714F19E87A0900CEB7DE /* Debug */ = {
			isa = XCBuildConfiguration;
			buildSettings = {
				BUNDLE_LOADER = "$(BUILT_PRODUCTS_DIR)/NASAGIBS.app/NASAGIBS";
				FRAMEWORK_SEARCH_PATHS = (
					"$(SDKROOT)/Developer/Library/Frameworks",
					"$(inherited)",
					"$(DEVELOPER_FRAMEWORKS_DIR)",
				);
				GCC_PRECOMPILE_PREFIX_HEADER = YES;
				GCC_PREFIX_HEADER = "NASAGIBS/NASAGIBS-Prefix.pch";
				GCC_PREPROCESSOR_DEFINITIONS = (
					"DEBUG=1",
					"$(inherited)",
				);
				INFOPLIST_FILE = "NASAGIBSTests/NASAGIBSTests-Info.plist";
				PRODUCT_NAME = "$(TARGET_NAME)";
				TEST_HOST = "$(BUNDLE_LOADER)";
				WRAPPER_EXTENSION = xctest;
			};
			name = Debug;
		};
		1309715019E87A0900CEB7DE /* Release */ = {
			isa = XCBuildConfiguration;
			buildSettings = {
				BUNDLE_LOADER = "$(BUILT_PRODUCTS_DIR)/NASAGIBS.app/NASAGIBS";
				FRAMEWORK_SEARCH_PATHS = (
					"$(SDKROOT)/Developer/Library/Frameworks",
					"$(inherited)",
					"$(DEVELOPER_FRAMEWORKS_DIR)",
				);
				GCC_PRECOMPILE_PREFIX_HEADER = YES;
				GCC_PREFIX_HEADER = "NASAGIBS/NASAGIBS-Prefix.pch";
				INFOPLIST_FILE = "NASAGIBSTests/NASAGIBSTests-Info.plist";
				PRODUCT_NAME = "$(TARGET_NAME)";
				TEST_HOST = "$(BUNDLE_LOADER)";
				WRAPPER_EXTENSION = xctest;
			};
			name = Release;
		};
/* End XCBuildConfiguration section */

/* Begin XCConfigurationList section */
		1309711119E87A0900CEB7DE /* Build configuration list for PBXProject "NASAGIBS" */ = {
			isa = XCConfigurationList;
			buildConfigurations = (
				1309714919E87A0900CEB7DE /* Debug */,
				1309714A19E87A0900CEB7DE /* Release */,
			);
			defaultConfigurationIsVisible = 0;
			defaultConfigurationName = Release;
		};
		1309714B19E87A0900CEB7DE /* Build configuration list for PBXNativeTarget "NASAGIBS" */ = {
			isa = XCConfigurationList;
			buildConfigurations = (
				1309714C19E87A0900CEB7DE /* Debug */,
				1309714D19E87A0900CEB7DE /* Release */,
			);
			defaultConfigurationIsVisible = 0;
			defaultConfigurationName = Release;
		};
		1309714E19E87A0900CEB7DE /* Build configuration list for PBXNativeTarget "NASAGIBSTests" */ = {
			isa = XCConfigurationList;
			buildConfigurations = (
				1309714F19E87A0900CEB7DE /* Debug */,
				1309715019E87A0900CEB7DE /* Release */,
			);
			defaultConfigurationIsVisible = 0;
			defaultConfigurationName = Release;
		};
/* End XCConfigurationList section */
	};
	rootObject = 1309710E19E87A0900CEB7DE /* Project object */;
}
